using System;
using System.Collections.Generic;
using System.Diagnostics.Eventing.Reader;
using System.Linq;
using System.Text;
using System.Threading.Tasks;

namespace Geneltekrar
{
    internal class Program
    {

        static Dictionary<String, double> urunler = new Dictionary<string, double>()
        {
            {"Elma" , 4},
            {"Muz"  , 7.5},
            {"Ananas" , 10 },
            {"Üzüm ", 12.5 }
        };

        static Dictionary<String, int> sepet = new Dictionary<String, int>();

       

        static void Main(string[] args)
        {
            while (true)
            {
                Console.WriteLine("1.Ürün ekle");
                Console.WriteLine("2.Ürün sil ");
                Console.WriteLine("3.Sepetti listele");
                Console.WriteLine("4.Toplam tutar");
                Console.WriteLine("5.çıkış");

                Console.WriteLine("Seçimizi yapınız [1-5]");
                int secim = Convert.ToInt32(Console.ReadLine());

                if(secim ==1)
                {
                    Console.WriteLine("Ürün adı giriniz: ");
                    String ürünad = Console.ReadLine();
                    Console.WriteLine("Miktar giriniz: ");
                    int ürünmik = Convert.ToInt32(Console.ReadLine());
                    ürünekle(ürünad, ürünmik);

                }
                else if (secim == 2)
                {
                    Console.WriteLine("Ürün adı giriniz: ");
                    String ürünad = Console.ReadLine();
                    Console.WriteLine("Miktar giriniz: ");
                    int ürünmik = Convert.ToInt32(Console.ReadLine());
                    ürünsil(ürünad, ürünmik);
                }
                else if (secim == 3)
                {
                    sepetlistele();


                }

                else if (secim == 4)
                {
                    toplamtutar();
                }
                else if (secim == 5)
                {
                    Console.WriteLine("Çıkış yapılıyor ");
                    break;
                }
                else
                {
                    Console.WriteLine("Geçersiz giriş lütfen tekrar deneyiz...");
                }




            }



        }

        static void ürünekle(String ürünad, int ürünmik)
        {
            if (urunler.ContainsKey(ürünad))
            {
                if (sepet.ContainsKey(ürünad))
                {
                    sepet[ürünad] += ürünmik;
                }
                else
                {
                    sepet[ürünad] = ürünmik;
                }
                Console.WriteLine($"{ürünmik } adet {ürünad} sepete eklendi..");
            }
            else
            {
                Console.WriteLine($"{ürünad} bulunamadı...");
            }
        }


        static void ürünsil(String ürünad, int ürünmik)
        {
            if (urunler.ContainsKey(ürünad))
            {
                if (sepet[ürünad] > ürünmik)
                {
                    sepet[ürünad] -= ürünmik; 
                    Console.WriteLine($"{ürünmik } adet {ürünad} sepetten çıkarıldı");
                }
                else if (sepet[ürünad]==ürünmik)
                {
                    Console.WriteLine($"{ürünmik} adetti {ürünad} tamamen sepetten çıkarıldı...");
                }
                else
                {
                    Console.WriteLine($"Sepette yeterli miktarda {ürünad} yok...");
                }
            }
            else
            {
                Console.WriteLine($"{ürünad} sepettiniz de bulunmamakta...");
            }



        }


        static void sepetlistele()
        {
            if (sepet.Count > 0)
            {
                Console.WriteLine("Sepetinizde ki ürünler: ");
                foreach(var item in sepet)
                {
                    Console.WriteLine($"- {item.Key} : {item.Value} adet - {urunler [item.Key]} TL/adet");
                }
            }
            else
            {
                Console.WriteLine("Sepetiniz boş...");
            }
        }


        static double  toplamtutar()
        {
            double toplam = 0;
            foreach(var item in sepet)
            {
                toplam += urunler[item.Key] * item.Value;
            }
            return toplam;
        }
